// !$*UTF8*$!
{
	archiveVersion = 1;
	classes = {
	};
	objectVersion = 50;
	objects = {

/* Begin PBXBuildFile section */
		4E46663726D765BC0045540D /* FlickrsApp.swift in Sources */ = {isa = PBXBuildFile; fileRef = 4E46663626D765BC0045540D /* FlickrsApp.swift */; };
		4E46663926D765BC0045540D /* ContentView.swift in Sources */ = {isa = PBXBuildFile; fileRef = 4E46663826D765BC0045540D /* ContentView.swift */; };
		4E46663B26D765BD0045540D /* Assets.xcassets in Resources */ = {isa = PBXBuildFile; fileRef = 4E46663A26D765BD0045540D /* Assets.xcassets */; };
		4E46663E26D765BD0045540D /* Preview Assets.xcassets in Resources */ = {isa = PBXBuildFile; fileRef = 4E46663D26D765BD0045540D /* Preview Assets.xcassets */; };
		4E46664926D765BE0045540D /* FlickrsTests.swift in Sources */ = {isa = PBXBuildFile; fileRef = 4E46664826D765BE0045540D /* FlickrsTests.swift */; };
		4E46665426D765BE0045540D /* FlickrsUITests.swift in Sources */ = {isa = PBXBuildFile; fileRef = 4E46665326D765BE0045540D /* FlickrsUITests.swift */; };
		4E46666B26D766020045540D /* Home.swift in Sources */ = {isa = PBXBuildFile; fileRef = 4E46666926D766020045540D /* Home.swift */; };
		4E46666D26D7661B0045540D /* MainSearchModel.swift in Sources */ = {isa = PBXBuildFile; fileRef = 4E46666C26D7661B0045540D /* MainSearchModel.swift */; };
		4E46667026D766240045540D /* HomeTopView.swift in Sources */ = {isa = PBXBuildFile; fileRef = 4E46666E26D766240045540D /* HomeTopView.swift */; };
		4E46667126D766240045540D /* HomeRowView.swift in Sources */ = {isa = PBXBuildFile; fileRef = 4E46666F26D766240045540D /* HomeRowView.swift */; };
		4E46667426D766340045540D /* HomeViewModel.swift in Sources */ = {isa = PBXBuildFile; fileRef = 4E46667326D766340045540D /* HomeViewModel.swift */; };
		4E46667726D7663A0045540D /* HomeServices.swift in Sources */ = {isa = PBXBuildFile; fileRef = 4E46667526D7663A0045540D /* HomeServices.swift */; };
		4E46667826D7663A0045540D /* MainServices.swift in Sources */ = {isa = PBXBuildFile; fileRef = 4E46667626D7663A0045540D /* MainServices.swift */; };
		4E46667D26D766420045540D /* hideKeyboard.swift in Sources */ = {isa = PBXBuildFile; fileRef = 4E46667926D766410045540D /* hideKeyboard.swift */; };
		4E46667E26D766420045540D /* EX_View.swift in Sources */ = {isa = PBXBuildFile; fileRef = 4E46667A26D766410045540D /* EX_View.swift */; };
		4E46667F26D766420045540D /* Extensions_ui.swift in Sources */ = {isa = PBXBuildFile; fileRef = 4E46667B26D766410045540D /* Extensions_ui.swift */; };
		4E46668026D766420045540D /* AppDelegate.swift in Sources */ = {isa = PBXBuildFile; fileRef = 4E46667C26D766420045540D /* AppDelegate.swift */; };
		4E46668326D766470045540D /* RemoteImage.swift in Sources */ = {isa = PBXBuildFile; fileRef = 4E46668126D766470045540D /* RemoteImage.swift */; };
		4E46668426D766470045540D /* ImageLoader.swift in Sources */ = {isa = PBXBuildFile; fileRef = 4E46668226D766470045540D /* ImageLoader.swift */; };
		4E46668726D768920045540D /* HomeFavorite.swift in Sources */ = {isa = PBXBuildFile; fileRef = 4E46668626D768920045540D /* HomeFavorite.swift */; };
		4E46668926D768C80045540D /* HomeFavoriteTopView.swift in Sources */ = {isa = PBXBuildFile; fileRef = 4E46668826D768C80045540D /* HomeFavoriteTopView.swift */; };
		4E46668B26D769830045540D /* HomeFavoriteRowView.swift in Sources */ = {isa = PBXBuildFile; fileRef = 4E46668A26D769830045540D /* HomeFavoriteRowView.swift */; };
		4E46668F26D76BD00045540D /* HomeFullScreen.swift in Sources */ = {isa = PBXBuildFile; fileRef = 4E46668E26D76BD00045540D /* HomeFullScreen.swift */; };
/* End PBXBuildFile section */

/* Begin PBXContainerItemProxy section */
		4E46664526D765BE0045540D /* PBXContainerItemProxy */ = {
			isa = PBXContainerItemProxy;
			containerPortal = 4E46662B26D765BC0045540D /* Project object */;
			proxyType = 1;
			remoteGlobalIDString = 4E46663226D765BC0045540D;
			remoteInfo = Flickrs;
		};
		4E46665026D765BE0045540D /* PBXContainerItemProxy */ = {
			isa = PBXContainerItemProxy;
			containerPortal = 4E46662B26D765BC0045540D /* Project object */;
			proxyType = 1;
			remoteGlobalIDString = 4E46663226D765BC0045540D;
			remoteInfo = Flickrs;
		};
/* End PBXContainerItemProxy section */

/* Begin PBXFileReference section */
		4E46663326D765BC0045540D /* Flickrs.app */ = {isa = PBXFileReference; explicitFileType = wrapper.application; includeInIndex = 0; path = Flickrs.app; sourceTree = BUILT_PRODUCTS_DIR; };
		4E46663626D765BC0045540D /* FlickrsApp.swift */ = {isa = PBXFileReference; lastKnownFileType = sourcecode.swift; path = FlickrsApp.swift; sourceTree = "<group>"; };
		4E46663826D765BC0045540D /* ContentView.swift */ = {isa = PBXFileReference; lastKnownFileType = sourcecode.swift; path = ContentView.swift; sourceTree = "<group>"; };
		4E46663A26D765BD0045540D /* Assets.xcassets */ = {isa = PBXFileReference; lastKnownFileType = folder.assetcatalog; path = Assets.xcassets; sourceTree = "<group>"; };
		4E46663D26D765BD0045540D /* Preview Assets.xcassets */ = {isa = PBXFileReference; lastKnownFileType = folder.assetcatalog; path = "Preview Assets.xcassets"; sourceTree = "<group>"; };
		4E46663F26D765BD0045540D /* Info.plist */ = {isa = PBXFileReference; lastKnownFileType = text.plist.xml; path = Info.plist; sourceTree = "<group>"; };
		4E46664426D765BE0045540D /* FlickrsTests.xctest */ = {isa = PBXFileReference; explicitFileType = wrapper.cfbundle; includeInIndex = 0; path = FlickrsTests.xctest; sourceTree = BUILT_PRODUCTS_DIR; };
		4E46664826D765BE0045540D /* FlickrsTests.swift */ = {isa = PBXFileReference; lastKnownFileType = sourcecode.swift; path = FlickrsTests.swift; sourceTree = "<group>"; };
		4E46664A26D765BE0045540D /* Info.plist */ = {isa = PBXFileReference; lastKnownFileType = text.plist.xml; path = Info.plist; sourceTree = "<group>"; };
		4E46664F26D765BE0045540D /* FlickrsUITests.xctest */ = {isa = PBXFileReference; explicitFileType = wrapper.cfbundle; includeInIndex = 0; path = FlickrsUITests.xctest; sourceTree = BUILT_PRODUCTS_DIR; };
		4E46665326D765BE0045540D /* FlickrsUITests.swift */ = {isa = PBXFileReference; lastKnownFileType = sourcecode.swift; path = FlickrsUITests.swift; sourceTree = "<group>"; };
		4E46665526D765BE0045540D /* Info.plist */ = {isa = PBXFileReference; lastKnownFileType = text.plist.xml; path = Info.plist; sourceTree = "<group>"; };
		4E46666926D766020045540D /* Home.swift */ = {isa = PBXFileReference; fileEncoding = 4; lastKnownFileType = sourcecode.swift; path = Home.swift; sourceTree = "<group>"; };
		4E46666C26D7661B0045540D /* MainSearchModel.swift */ = {isa = PBXFileReference; fileEncoding = 4; lastKnownFileType = sourcecode.swift; path = MainSearchModel.swift; sourceTree = "<group>"; };
		4E46666E26D766240045540D /* HomeTopView.swift */ = {isa = PBXFileReference; fileEncoding = 4; lastKnownFileType = sourcecode.swift; path = HomeTopView.swift; sourceTree = "<group>"; };
		4E46666F26D766240045540D /* HomeRowView.swift */ = {isa = PBXFileReference; fileEncoding = 4; lastKnownFileType = sourcecode.swift; path = HomeRowView.swift; sourceTree = "<group>"; };
		4E46667326D766340045540D /* HomeViewModel.swift */ = {isa = PBXFileReference; fileEncoding = 4; lastKnownFileType = sourcecode.swift; path = HomeViewModel.swift; sourceTree = "<group>"; };
		4E46667526D7663A0045540D /* HomeServices.swift */ = {isa = PBXFileReference; fileEncoding = 4; lastKnownFileType = sourcecode.swift; path = HomeServices.swift; sourceTree = "<group>"; };
		4E46667626D7663A0045540D /* MainServices.swift */ = {isa = PBXFileReference; fileEncoding = 4; lastKnownFileType = sourcecode.swift; path = MainServices.swift; sourceTree = "<group>"; };
		4E46667926D766410045540D /* hideKeyboard.swift */ = {isa = PBXFileReference; fileEncoding = 4; lastKnownFileType = sourcecode.swift; path = hideKeyboard.swift; sourceTree = "<group>"; };
		4E46667A26D766410045540D /* EX_View.swift */ = {isa = PBXFileReference; fileEncoding = 4; lastKnownFileType = sourcecode.swift; path = EX_View.swift; sourceTree = "<group>"; };
		4E46667B26D766410045540D /* Extensions_ui.swift */ = {isa = PBXFileReference; fileEncoding = 4; lastKnownFileType = sourcecode.swift; path = Extensions_ui.swift; sourceTree = "<group>"; };
		4E46667C26D766420045540D /* AppDelegate.swift */ = {isa = PBXFileReference; fileEncoding = 4; lastKnownFileType = sourcecode.swift; path = AppDelegate.swift; sourceTree = "<group>"; };
		4E46668126D766470045540D /* RemoteImage.swift */ = {isa = PBXFileReference; fileEncoding = 4; lastKnownFileType = sourcecode.swift; path = RemoteImage.swift; sourceTree = "<group>"; };
		4E46668226D766470045540D /* ImageLoader.swift */ = {isa = PBXFileReference; fileEncoding = 4; lastKnownFileType = sourcecode.swift; path = ImageLoader.swift; sourceTree = "<group>"; };
		4E46668626D768920045540D /* HomeFavorite.swift */ = {isa = PBXFileReference; lastKnownFileType = sourcecode.swift; path = HomeFavorite.swift; sourceTree = "<group>"; };
		4E46668826D768C80045540D /* HomeFavoriteTopView.swift */ = {isa = PBXFileReference; lastKnownFileType = sourcecode.swift; path = HomeFavoriteTopView.swift; sourceTree = "<group>"; };
		4E46668A26D769830045540D /* HomeFavoriteRowView.swift */ = {isa = PBXFileReference; lastKnownFileType = sourcecode.swift; path = HomeFavoriteRowView.swift; sourceTree = "<group>"; };
		4E46668E26D76BD00045540D /* HomeFullScreen.swift */ = {isa = PBXFileReference; lastKnownFileType = sourcecode.swift; path = HomeFullScreen.swift; sourceTree = "<group>"; };
/* End PBXFileReference section */

/* Begin PBXFrameworksBuildPhase section */
		4E46663026D765BC0045540D /* Frameworks */ = {
			isa = PBXFrameworksBuildPhase;
			buildActionMask = 2147483647;
			files = (
			);
			runOnlyForDeploymentPostprocessing = 0;
		};
		4E46664126D765BE0045540D /* Frameworks */ = {
			isa = PBXFrameworksBuildPhase;
			buildActionMask = 2147483647;
			files = (
			);
			runOnlyForDeploymentPostprocessing = 0;
		};
		4E46664C26D765BE0045540D /* Frameworks */ = {
			isa = PBXFrameworksBuildPhase;
			buildActionMask = 2147483647;
			files = (
			);
			runOnlyForDeploymentPostprocessing = 0;
		};
/* End PBXFrameworksBuildPhase section */

/* Begin PBXGroup section */
		4E46662A26D765BC0045540D = {
			isa = PBXGroup;
			children = (
				4E46663526D765BC0045540D /* Flickrs */,
				4E46664726D765BE0045540D /* FlickrsTests */,
				4E46665226D765BE0045540D /* FlickrsUITests */,
				4E46663426D765BC0045540D /* Products */,
			);
			sourceTree = "<group>";
		};
		4E46663426D765BC0045540D /* Products */ = {
			isa = PBXGroup;
			children = (
				4E46663326D765BC0045540D /* Flickrs.app */,
				4E46664426D765BE0045540D /* FlickrsTests.xctest */,
				4E46664F26D765BE0045540D /* FlickrsUITests.xctest */,
			);
			name = Products;
			sourceTree = "<group>";
		};
		4E46663526D765BC0045540D /* Flickrs */ = {
			isa = PBXGroup;
			children = (
				4E46663626D765BC0045540D /* FlickrsApp.swift */,
				4E46666726D765E10045540D /* caching */,
				4E46666626D765DB0045540D /* helpers */,
				4E46666526D765D60045540D /* services */,
				4E46666426D765CD0045540D /* viewmodel */,
				4E46666326D765CA0045540D /* model */,
				4E46666226D765C70045540D /* view */,
				4E46666126D765C40045540D /* scenes */,
				4E46663A26D765BD0045540D /* Assets.xcassets */,
				4E46663F26D765BD0045540D /* Info.plist */,
				4E46663C26D765BD0045540D /* Preview Content */,
			);
			path = Flickrs;
			sourceTree = "<group>";
		};
		4E46663C26D765BD0045540D /* Preview Content */ = {
			isa = PBXGroup;
			children = (
				4E46663D26D765BD0045540D /* Preview Assets.xcassets */,
			);
			path = "Preview Content";
			sourceTree = "<group>";
		};
		4E46664726D765BE0045540D /* FlickrsTests */ = {
			isa = PBXGroup;
			children = (
				4E46664826D765BE0045540D /* FlickrsTests.swift */,
				4E46664A26D765BE0045540D /* Info.plist */,
			);
			path = FlickrsTests;
			sourceTree = "<group>";
		};
		4E46665226D765BE0045540D /* FlickrsUITests */ = {
			isa = PBXGroup;
			children = (
				4E46665326D765BE0045540D /* FlickrsUITests.swift */,
				4E46665526D765BE0045540D /* Info.plist */,
			);
			path = FlickrsUITests;
			sourceTree = "<group>";
		};
		4E46666126D765C40045540D /* scenes */ = {
			isa = PBXGroup;
			children = (
				4E46668D26D76BC10045540D /* details */,
				4E46668526D768830045540D /* favorite */,
				4E46663826D765BC0045540D /* ContentView.swift */,
				4E46666926D766020045540D /* Home.swift */,
			);
			path = scenes;
			sourceTree = "<group>";
		};
		4E46666226D765C70045540D /* view */ = {
			isa = PBXGroup;
			children = (
				4E46668C26D76AD50045540D /* favorite */,
				4E46667226D766290045540D /* home */,
			);
			path = view;
			sourceTree = "<group>";
		};
		4E46666326D765CA0045540D /* model */ = {
			isa = PBXGroup;
			children = (
				4E46666C26D7661B0045540D /* MainSearchModel.swift */,
			);
			path = model;
			sourceTree = "<group>";
		};
		4E46666426D765CD0045540D /* viewmodel */ = {
			isa = PBXGroup;
			children = (
				4E46667326D766340045540D /* HomeViewModel.swift */,
			);
			path = viewmodel;
			sourceTree = "<group>";
		};
		4E46666526D765D60045540D /* services */ = {
			isa = PBXGroup;
			children = (
				4E46667526D7663A0045540D /* HomeServices.swift */,
				4E46667626D7663A0045540D /* MainServices.swift */,
			);
			path = services;
			sourceTree = "<group>";
		};
		4E46666626D765DB0045540D /* helpers */ = {
			isa = PBXGroup;
			children = (
				4E46667C26D766420045540D /* AppDelegate.swift */,
				4E46667A26D766410045540D /* EX_View.swift */,
				4E46667B26D766410045540D /* Extensions_ui.swift */,
				4E46667926D766410045540D /* hideKeyboard.swift */,
			);
			path = helpers;
			sourceTree = "<group>";
		};
		4E46666726D765E10045540D /* caching */ = {
			isa = PBXGroup;
			children = (
				4E46668226D766470045540D /* ImageLoader.swift */,
				4E46668126D766470045540D /* RemoteImage.swift */,
			);
			path = caching;
			sourceTree = "<group>";
		};
		4E46667226D766290045540D /* home */ = {
			isa = PBXGroup;
			children = (
				4E46666F26D766240045540D /* HomeRowView.swift */,
				4E46666E26D766240045540D /* HomeTopView.swift */,
			);
			path = home;
			sourceTree = "<group>";
		};
		4E46668526D768830045540D /* favorite */ = {
			isa = PBXGroup;
			children = (
				4E46668626D768920045540D /* HomeFavorite.swift */,
			);
			path = favorite;
			sourceTree = "<group>";
		};
		4E46668C26D76AD50045540D /* favorite */ = {
			isa = PBXGroup;
			children = (
				4E46668A26D769830045540D /* HomeFavoriteRowView.swift */,
				4E46668826D768C80045540D /* HomeFavoriteTopView.swift */,
			);
			path = favorite;
			sourceTree = "<group>";
		};
		4E46668D26D76BC10045540D /* details */ = {
			isa = PBXGroup;
			children = (
				4E46668E26D76BD00045540D /* HomeFullScreen.swift */,
			);
			path = details;
			sourceTree = "<group>";
		};
/* End PBXGroup section */

/* Begin PBXNativeTarget section */
		4E46663226D765BC0045540D /* Flickrs */ = {
			isa = PBXNativeTarget;
			buildConfigurationList = 4E46665826D765BE0045540D /* Build configuration list for PBXNativeTarget "Flickrs" */;
			buildPhases = (
				4E46662F26D765BC0045540D /* Sources */,
				4E46663026D765BC0045540D /* Frameworks */,
				4E46663126D765BC0045540D /* Resources */,
			);
			buildRules = (
			);
			dependencies = (
			);
			name = Flickrs;
			productName = Flickrs;
			productReference = 4E46663326D765BC0045540D /* Flickrs.app */;
			productType = "com.apple.product-type.application";
		};
		4E46664326D765BE0045540D /* FlickrsTests */ = {
			isa = PBXNativeTarget;
			buildConfigurationList = 4E46665B26D765BE0045540D /* Build configuration list for PBXNativeTarget "FlickrsTests" */;
			buildPhases = (
				4E46664026D765BE0045540D /* Sources */,
				4E46664126D765BE0045540D /* Frameworks */,
				4E46664226D765BE0045540D /* Resources */,
			);
			buildRules = (
			);
			dependencies = (
				4E46664626D765BE0045540D /* PBXTargetDependency */,
			);
			name = FlickrsTests;
			productName = FlickrsTests;
			productReference = 4E46664426D765BE0045540D /* FlickrsTests.xctest */;
			productType = "com.apple.product-type.bundle.unit-test";
		};
		4E46664E26D765BE0045540D /* FlickrsUITests */ = {
			isa = PBXNativeTarget;
			buildConfigurationList = 4E46665E26D765BE0045540D /* Build configuration list for PBXNativeTarget "FlickrsUITests" */;
			buildPhases = (
				4E46664B26D765BE0045540D /* Sources */,
				4E46664C26D765BE0045540D /* Frameworks */,
				4E46664D26D765BE0045540D /* Resources */,
			);
			buildRules = (
			);
			dependencies = (
				4E46665126D765BE0045540D /* PBXTargetDependency */,
			);
			name = FlickrsUITests;
			productName = FlickrsUITests;
			productReference = 4E46664F26D765BE0045540D /* FlickrsUITests.xctest */;
			productType = "com.apple.product-type.bundle.ui-testing";
		};
/* End PBXNativeTarget section */

/* Begin PBXProject section */
		4E46662B26D765BC0045540D /* Project object */ = {
			isa = PBXProject;
			attributes = {
				LastSwiftUpdateCheck = 1250;
				LastUpgradeCheck = 1250;
				TargetAttributes = {
					4E46663226D765BC0045540D = {
						CreatedOnToolsVersion = 12.5;
					};
					4E46664326D765BE0045540D = {
						CreatedOnToolsVersion = 12.5;
						TestTargetID = 4E46663226D765BC0045540D;
					};
					4E46664E26D765BE0045540D = {
						CreatedOnToolsVersion = 12.5;
						TestTargetID = 4E46663226D765BC0045540D;
					};
				};
			};
			buildConfigurationList = 4E46662E26D765BC0045540D /* Build configuration list for PBXProject "Flickrs" */;
			compatibilityVersion = "Xcode 9.3";
			developmentRegion = en;
			hasScannedForEncodings = 0;
			knownRegions = (
				en,
				Base,
			);
			mainGroup = 4E46662A26D765BC0045540D;
			productRefGroup = 4E46663426D765BC0045540D /* Products */;
			projectDirPath = "";
			projectRoot = "";
			targets = (
				4E46663226D765BC0045540D /* Flickrs */,
				4E46664326D765BE0045540D /* FlickrsTests */,
				4E46664E26D765BE0045540D /* FlickrsUITests */,
			);
		};
/* End PBXProject section */

/* Begin PBXResourcesBuildPhase section */
		4E46663126D765BC0045540D /* Resources */ = {
			isa = PBXResourcesBuildPhase;
			buildActionMask = 2147483647;
			files = (
				4E46663E26D765BD0045540D /* Preview Assets.xcassets in Resources */,
				4E46663B26D765BD0045540D /* Assets.xcassets in Resources */,
			);
			runOnlyForDeploymentPostprocessing = 0;
		};
		4E46664226D765BE0045540D /* Resources */ = {
			isa = PBXResourcesBuildPhase;
			buildActionMask = 2147483647;
			files = (
			);
			runOnlyForDeploymentPostprocessing = 0;
		};
		4E46664D26D765BE0045540D /* Resources */ = {
			isa = PBXResourcesBuildPhase;
			buildActionMask = 2147483647;
			files = (
			);
			runOnlyForDeploymentPostprocessing = 0;
		};
/* End PBXResourcesBuildPhase section */

/* Begin PBXSourcesBuildPhase section */
		4E46662F26D765BC0045540D /* Sources */ = {
			isa = PBXSourcesBuildPhase;
			buildActionMask = 2147483647;
			files = (
				4E46667D26D766420045540D /* hideKeyboard.swift in Sources */,
				4E46668926D768C80045540D /* HomeFavoriteTopView.swift in Sources */,
				4E46666D26D7661B0045540D /* MainSearchModel.swift in Sources */,
				4E46668426D766470045540D /* ImageLoader.swift in Sources */,
				4E46667026D766240045540D /* HomeTopView.swift in Sources */,
				4E46667726D7663A0045540D /* HomeServices.swift in Sources */,
				4E46668B26D769830045540D /* HomeFavoriteRowView.swift in Sources */,
				4E46667426D766340045540D /* HomeViewModel.swift in Sources */,
				4E46668726D768920045540D /* HomeFavorite.swift in Sources */,
				4E46667826D7663A0045540D /* MainServices.swift in Sources */,
				4E46667E26D766420045540D /* EX_View.swift in Sources */,
				4E46667126D766240045540D /* HomeRowView.swift in Sources */,
				4E46668026D766420045540D /* AppDelegate.swift in Sources */,
				4E46668326D766470045540D /* RemoteImage.swift in Sources */,
				4E46663926D765BC0045540D /* ContentView.swift in Sources */,
				4E46663726D765BC0045540D /* FlickrsApp.swift in Sources */,
				4E46666B26D766020045540D /* Home.swift in Sources */,
				4E46667F26D766420045540D /* Extensions_ui.swift in Sources */,
				4E46668F26D76BD00045540D /* HomeFullScreen.swift in Sources */,
			);
			runOnlyForDeploymentPostprocessing = 0;
		};
		4E46664026D765BE0045540D /* Sources */ = {
			isa = PBXSourcesBuildPhase;
			buildActionMask = 2147483647;
			files = (
				4E46664926D765BE0045540D /* FlickrsTests.swift in Sources */,
			);
			runOnlyForDeploymentPostprocessing = 0;
		};
		4E46664B26D765BE0045540D /* Sources */ = {
			isa = PBXSourcesBuildPhase;
			buildActionMask = 2147483647;
			files = (
				4E46665426D765BE0045540D /* FlickrsUITests.swift in Sources */,
			);
			runOnlyForDeploymentPostprocessing = 0;
		};
/* End PBXSourcesBuildPhase section */

/* Begin PBXTargetDependency section */
		4E46664626D765BE0045540D /* PBXTargetDependency */ = {
			isa = PBXTargetDependency;
			target = 4E46663226D765BC0045540D /* Flickrs */;
			targetProxy = 4E46664526D765BE0045540D /* PBXContainerItemProxy */;
		};
		4E46665126D765BE0045540D /* PBXTargetDependency */ = {
			isa = PBXTargetDependency;
			target = 4E46663226D765BC0045540D /* Flickrs */;
			targetProxy = 4E46665026D765BE0045540D /* PBXContainerItemProxy */;
		};
/* End PBXTargetDependency section */

/* Begin XCBuildConfiguration section */
		4E46665626D765BE0045540D /* Debug */ = {
			isa = XCBuildConfiguration;
			buildSettings = {
				ALWAYS_SEARCH_USER_PATHS = NO;
				CLANG_ANALYZER_NONNULL = YES;
				CLANG_ANALYZER_NUMBER_OBJECT_CONVERSION = YES_AGGRESSIVE;
				CLANG_CXX_LANGUAGE_STANDARD = "gnu++14";
				CLANG_CXX_LIBRARY = "libc++";
				CLANG_ENABLE_MODULES = YES;
				CLANG_ENABLE_OBJC_ARC = YES;
				CLANG_ENABLE_OBJC_WEAK = YES;
				CLANG_WARN_BLOCK_CAPTURE_AUTORELEASING = YES;
				CLANG_WARN_BOOL_CONVERSION = YES;
				CLANG_WARN_COMMA = YES;
				CLANG_WARN_CONSTANT_CONVERSION = YES;
				CLANG_WARN_DEPRECATED_OBJC_IMPLEMENTATIONS = YES;
				CLANG_WARN_DIRECT_OBJC_ISA_USAGE = YES_ERROR;
				CLANG_WARN_DOCUMENTATION_COMMENTS = YES;
				CLANG_WARN_EMPTY_BODY = YES;
				CLANG_WARN_ENUM_CONVERSION = YES;
				CLANG_WARN_INFINITE_RECURSION = YES;
				CLANG_WARN_INT_CONVERSION = YES;
				CLANG_WARN_NON_LITERAL_NULL_CONVERSION = YES;
				CLANG_WARN_OBJC_IMPLICIT_RETAIN_SELF = YES;
				CLANG_WARN_OBJC_LITERAL_CONVERSION = YES;
				CLANG_WARN_OBJC_ROOT_CLASS = YES_ERROR;
				CLANG_WARN_QUOTED_INCLUDE_IN_FRAMEWORK_HEADER = YES;
				CLANG_WARN_RANGE_LOOP_ANALYSIS = YES;
				CLANG_WARN_STRICT_PROTOTYPES = YES;
				CLANG_WARN_SUSPICIOUS_MOVE = YES;
				CLANG_WARN_UNGUARDED_AVAILABILITY = YES_AGGRESSIVE;
				CLANG_WARN_UNREACHABLE_CODE = YES;
				CLANG_WARN__DUPLICATE_METHOD_MATCH = YES;
				COPY_PHASE_STRIP = NO;
				DEBUG_INFORMATION_FORMAT = dwarf;
				ENABLE_STRICT_OBJC_MSGSEND = YES;
				ENABLE_TESTABILITY = YES;
				GCC_C_LANGUAGE_STANDARD = gnu11;
				GCC_DYNAMIC_NO_PIC = NO;
				GCC_NO_COMMON_BLOCKS = YES;
				GCC_OPTIMIZATION_LEVEL = 0;
				GCC_PREPROCESSOR_DEFINITIONS = (
					"DEBUG=1",
					"$(inherited)",
				);
				GCC_WARN_64_TO_32_BIT_CONVERSION = YES;
				GCC_WARN_ABOUT_RETURN_TYPE = YES_ERROR;
				GCC_WARN_UNDECLARED_SELECTOR = YES;
				GCC_WARN_UNINITIALIZED_AUTOS = YES_AGGRESSIVE;
				GCC_WARN_UNUSED_FUNCTION = YES;
				GCC_WARN_UNUSED_VARIABLE = YES;
				IPHONEOS_DEPLOYMENT_TARGET = 14.5;
				MTL_ENABLE_DEBUG_INFO = INCLUDE_SOURCE;
				MTL_FAST_MATH = YES;
				ONLY_ACTIVE_ARCH = YES;
				SDKROOT = iphoneos;
				SWIFT_ACTIVE_COMPILATION_CONDITIONS = DEBUG;
				SWIFT_OPTIMIZATION_LEVEL = "-Onone";
			};
			name = Debug;
		};
		4E46665726D765BE0045540D /* Release */ = {
			isa = XCBuildConfiguration;
			buildSettings = {
				ALWAYS_SEARCH_USER_PATHS = NO;
				CLANG_ANALYZER_NONNULL = YES;
				CLANG_ANALYZER_NUMBER_OBJECT_CONVERSION = YES_AGGRESSIVE;
				CLANG_CXX_LANGUAGE_STANDARD = "gnu++14";
				CLANG_CXX_LIBRARY = "libc++";
				CLANG_ENABLE_MODULES = YES;
				CLANG_ENABLE_OBJC_ARC = YES;
				CLANG_ENABLE_OBJC_WEAK = YES;
				CLANG_WARN_BLOCK_CAPTURE_AUTORELEASING = YES;
				CLANG_WARN_BOOL_CONVERSION = YES;
				CLANG_WARN_COMMA = YES;
				CLANG_WARN_CONSTANT_CONVERSION = YES;
				CLANG_WARN_DEPRECATED_OBJC_IMPLEMENTATIONS = YES;
				CLANG_WARN_DIRECT_OBJC_ISA_USAGE = YES_ERROR;
				CLANG_WARN_DOCUMENTATION_COMMENTS = YES;
				CLANG_WARN_EMPTY_BODY = YES;
				CLANG_WARN_ENUM_CONVERSION = YES;
				CLANG_WARN_INFINITE_RECURSION = YES;
				CLANG_WARN_INT_CONVERSION = YES;
				CLANG_WARN_NON_LITERAL_NULL_CONVERSION = YES;
				CLANG_WARN_OBJC_IMPLICIT_RETAIN_SELF = YES;
				CLANG_WARN_OBJC_LITERAL_CONVERSION = YES;
				CLANG_WARN_OBJC_ROOT_CLASS = YES_ERROR;
				CLANG_WARN_QUOTED_INCLUDE_IN_FRAMEWORK_HEADER = YES;
				CLANG_WARN_RANGE_LOOP_ANALYSIS = YES;
				CLANG_WARN_STRICT_PROTOTYPES = YES;
				CLANG_WARN_SUSPICIOUS_MOVE = YES;
				CLANG_WARN_UNGUARDED_AVAILABILITY = YES_AGGRESSIVE;
				CLANG_WARN_UNREACHABLE_CODE = YES;
				CLANG_WARN__DUPLICATE_METHOD_MATCH = YES;
				COPY_PHASE_STRIP = NO;
				DEBUG_INFORMATION_FORMAT = "dwarf-with-dsym";
				ENABLE_NS_ASSERTIONS = NO;
				ENABLE_STRICT_OBJC_MSGSEND = YES;
				GCC_C_LANGUAGE_STANDARD = gnu11;
				GCC_NO_COMMON_BLOCKS = YES;
				GCC_WARN_64_TO_32_BIT_CONVERSION = YES;
				GCC_WARN_ABOUT_RETURN_TYPE = YES_ERROR;
				GCC_WARN_UNDECLARED_SELECTOR = YES;
				GCC_WARN_UNINITIALIZED_AUTOS = YES_AGGRESSIVE;
				GCC_WARN_UNUSED_FUNCTION = YES;
				GCC_WARN_UNUSED_VARIABLE = YES;
				IPHONEOS_DEPLOYMENT_TARGET = 14.5;
				MTL_ENABLE_DEBUG_INFO = NO;
				MTL_FAST_MATH = YES;
				SDKROOT = iphoneos;
				SWIFT_COMPILATION_MODE = wholemodule;
				SWIFT_OPTIMIZATION_LEVEL = "-O";
				VALIDATE_PRODUCT = YES;
			};
			name = Release;
		};
		4E46665926D765BE0045540D /* Debug */ = {
			isa = XCBuildConfiguration;
			buildSettings = {
				ASSETCATALOG_COMPILER_APPICON_NAME = AppIcon;
				ASSETCATALOG_COMPILER_GLOBAL_ACCENT_COLOR_NAME = AccentColor;
				CODE_SIGN_STYLE = Automatic;
				DEVELOPMENT_ASSET_PATHS = "\"Flickrs/Preview Content\"";
				DEVELOPMENT_TEAM = 5RTZJMVRS2;
				ENABLE_PREVIEWS = YES;
				INFOPLIST_FILE = Flickrs/Info.plist;
				IPHONEOS_DEPLOYMENT_TARGET = 14.0;
				LD_RUNPATH_SEARCH_PATHS = (
					"$(inherited)",
					"@executable_path/Frameworks",
				);
				PRODUCT_BUNDLE_IDENTIFIER = com.hosam.net.Flickrs;
				PRODUCT_NAME = "$(TARGET_NAME)";
				SWIFT_VERSION = 5.0;
				TARGETED_DEVICE_FAMILY = "1,2";
			};
			name = Debug;
		};
		4E46665A26D765BE0045540D /* Release */ = {
			isa = XCBuildConfiguration;
			buildSettings = {
				ASSETCATALOG_COMPILER_APPICON_NAME = AppIcon;
				ASSETCATALOG_COMPILER_GLOBAL_ACCENT_COLOR_NAME = AccentColor;
				CODE_SIGN_STYLE = Automatic;
				DEVELOPMENT_ASSET_PATHS = "\"Flickrs/Preview Content\"";
				DEVELOPMENT_TEAM = 5RTZJMVRS2;
				ENABLE_PREVIEWS = YES;
				INFOPLIST_FILE = Flickrs/Info.plist;
				IPHONEOS_DEPLOYMENT_TARGET = 14.0;
				LD_RUNPATH_SEARCH_PATHS = (
					"$(inherited)",
					"@executable_path/Frameworks",
				);
				PRODUCT_BUNDLE_IDENTIFIER = com.hosam.net.Flickrs;
				PRODUCT_NAME = "$(TARGET_NAME)";
				SWIFT_VERSION = 5.0;
				TARGETED_DEVICE_FAMILY = "1,2";
			};
			name = Release;
		};
		4E46665C26D765BE0045540D /* Debug */ = {
			isa = XCBuildConfiguration;
			buildSettings = {
				ALWAYS_EMBED_SWIFT_STANDARD_LIBRARIES = YES;
				BUNDLE_LOADER = "$(TEST_HOST)";
				CODE_SIGN_STYLE = Automatic;
				DEVELOPMENT_TEAM = 5RTZJMVRS2;
				INFOPLIST_FILE = FlickrsTests/Info.plist;
				IPHONEOS_DEPLOYMENT_TARGET = 14.0;
				LD_RUNPATH_SEARCH_PATHS = (
					"$(inherited)",
					"@executable_path/Frameworks",
					"@loader_path/Frameworks",
				);
				PRODUCT_BUNDLE_IDENTIFIER = com.hosam.net.FlickrsTests;
				PRODUCT_NAME = "$(TARGET_NAME)";
				SWIFT_VERSION = 5.0;
				TARGETED_DEVICE_FAMILY = "1,2";
				TEST_HOST = "$(BUILT_PRODUCTS_DIR)/Flickrs.app/Flickrs";
			};
			name = Debug;
		};
		4E46665D26D765BE0045540D /* Release */ = {
			isa = XCBuildConfiguration;
			buildSettings = {
				ALWAYS_EMBED_SWIFT_STANDARD_LIBRARIES = YES;
				BUNDLE_LOADER = "$(TEST_HOST)";
				CODE_SIGN_STYLE = Automatic;
				DEVELOPMENT_TEAM = 5RTZJMVRS2;
				INFOPLIST_FILE = FlickrsTests/Info.plist;
				IPHONEOS_DEPLOYMENT_TARGET = 14.0;
				LD_RUNPATH_SEARCH_PATHS = (
					"$(inherited)",
					"@executable_path/Frameworks",
					"@loader_path/Frameworks",
				);
				PRODUCT_BUNDLE_IDENTIFIER = com.hosam.net.FlickrsTests;
				PRODUCT_NAME = "$(TARGET_NAME)";
				SWIFT_VERSION = 5.0;
				TARGETED_DEVICE_FAMILY = "1,2";
				TEST_HOST = "$(BUILT_PRODUCTS_DIR)/Flickrs.app/Flickrs";
			};
			name = Release;
		};
		4E46665F26D765BE0045540D /* Debug */ = {
			isa = XCBuildConfiguration;
			buildSettings = {
				ALWAYS_EMBED_SWIFT_STANDARD_LIBRARIES = YES;
				CODE_SIGN_STYLE = Automatic;
				DEVELOPMENT_TEAM = 5RTZJMVRS2;
				INFOPLIST_FILE = FlickrsUITests/Info.plist;
				LD_RUNPATH_SEARCH_PATHS = (
					"$(inherited)",
					"@executable_path/Frameworks",
					"@loader_path/Frameworks",
				);
				PRODUCT_BUNDLE_IDENTIFIER = com.hosam.net.FlickrsUITests;
				PRODUCT_NAME = "$(TARGET_NAME)";
				SWIFT_VERSION = 5.0;
				TARGETED_DEVICE_FAMILY = "1,2";
				TEST_TARGET_NAME = Flickrs;
			};
			name = Debug;
		};
		4E46666026D765BE0045540D /* Release */ = {
			isa = XCBuildConfiguration;
			buildSettings = {
				ALWAYS_EMBED_SWIFT_STANDARD_LIBRARIES = YES;
				CODE_SIGN_STYLE = Automatic;
				DEVELOPMENT_TEAM = 5RTZJMVRS2;
				INFOPLIST_FILE = FlickrsUITests/Info.plist;
				LD_RUNPATH_SEARCH_PATHS = (
					"$(inherited)",
					"@executable_path/Frameworks",
					"@loader_path/Frameworks",
				);
				PRODUCT_BUNDLE_IDENTIFIER = com.hosam.net.FlickrsUITests;
				PRODUCT_NAME = "$(TARGET_NAME)";
				SWIFT_VERSION = 5.0;
				TARGETED_DEVICE_FAMILY = "1,2";
				TEST_TARGET_NAME = Flickrs;
			};
			name = Release;
		};
/* End XCBuildConfiguration section */

/* Begin XCConfigurationList section */
		4E46662E26D765BC0045540D /* Build configuration list for PBXProject "Flickrs" */ = {
			isa = XCConfigurationList;
			buildConfigurations = (
				4E46665626D765BE0045540D /* Debug */,
				4E46665726D765BE0045540D /* Release */,
			);
			defaultConfigurationIsVisible = 0;
			defaultConfigurationName = Release;
		};
		4E46665826D765BE0045540D /* Build configuration list for PBXNativeTarget "Flickrs" */ = {
			isa = XCConfigurationList;
			buildConfigurations = (
				4E46665926D765BE0045540D /* Debug */,
				4E46665A26D765BE0045540D /* Release */,
			);
			defaultConfigurationIsVisible = 0;
			defaultConfigurationName = Release;
		};
		4E46665B26D765BE0045540D /* Build configuration list for PBXNativeTarget "FlickrsTests" */ = {
			isa = XCConfigurationList;
			buildConfigurations = (
				4E46665C26D765BE0045540D /* Debug */,
				4E46665D26D765BE0045540D /* Release */,
			);
			defaultConfigurationIsVisible = 0;
			defaultConfigurationName = Release;
		};
		4E46665E26D765BE0045540D /* Build configuration list for PBXNativeTarget "FlickrsUITests" */ = {
			isa = XCConfigurationList;
			buildConfigurations = (
				4E46665F26D765BE0045540D /* Debug */,
				4E46666026D765BE0045540D /* Release */,
			);
			defaultConfigurationIsVisible = 0;
			defaultConfigurationName = Release;
		};
/* End XCConfigurationList section */
	};
	rootObject = 4E46662B26D765BC0045540D /* Project object */;
}
